
Microsoft Visual Studio Solution File, Format Version 12.00
# Visual Studio Version 17
VisualStudioVersion = 17.3.32708.82
MinimumVisualStudioVersion = 10.0.40219.1
Project("{FAE04EC0-301F-11D3-BF4B-00C04F79EFBC}") = "BugReport.Mapperly", "BugReport.Mapperly\BugReport.Mapperly.csproj", "{4ACFB146-599D-4C65-88D4-9793BF60979B}"
EndProject
Global
	GlobalSection(SolutionConfigurationPlatforms) = preSolution
		Debug|Any CPU = Debug|Any CPU
		Release|Any CPU = Release|Any CPU
	EndGlobalSection
	GlobalSection(ProjectConfigurationPlatforms) = postSolution
		{4ACFB146-599D-4C65-88D4-9793BF60979B}.Debug|Any CPU.ActiveCfg = Debug|Any CPU
		{4ACFB146-599D-4C65-88D4-9793BF60979B}.Debug|Any CPU.Build.0 = Debug|Any CPU
		{4ACFB146-599D-4C65-88D4-9793BF60979B}.Release|Any CPU.ActiveCfg = Release|Any CPU
		{4ACFB146-599D-4C65-88D4-9793BF60979B}.Release|Any CPU.Build.0 = Release|Any CPU
	EndGlobalSection
	GlobalSection(SolutionProperties) = preSolution
		HideSolutionNode = FALSE
	EndGlobalSection
	GlobalSection(ExtensibilityGlobals) = postSolution
		SolutionGuid = {2D72E0E3-D5B4-4DBD-A3E4-1C13A9B6E902}
	EndGlobalSection
EndGlobal
